{
  "name": "yomira",
  "version": "0.1.0",
  "lockfileVersion": 3,
  "requires": true,
  "packages": {
    "": {
      "name": "yomira",
      "version": "0.1.0",
      "license": "MIT",
      "dependencies": {
        "@vercel/functions": "^3.5.1"
      },
      "bin": {
        "yomira": "bin/reaction-sim.mjs",
        "mora": "bin/mora.mjs",
        "dsm": "bin/mora.mjs",
        "reaction-sim": "bin/reaction-sim.mjs"
      }
    },
    "node_modules/@vercel/functions": {
      "version": "3.5.1",
      "resolved": "https://registry.npmjs.org/@vercel/functions/-/functions-3.5.1.tgz",
      "integrity": "sha512-ndh5v+uhWqGA8033oD0i0KHvqUHcLlLCOaLOw5L+xx5zVsWUSQcZPKEYk2nm51aisnKhcnTylxnOmhx+w4UCRA==",
      "license": "Apache-2.0",
      "dependencies": {
        "@vercel/oidc": "3.4.1"
      },
      "engines": {
        "node": ">= 20"
      },
      "peerDependencies": {
        "@aws-sdk/credential-provider-web-identity": "*"
      },
      "peerDependenciesMeta": {
        "@aws-sdk/credential-provider-web-identity": {
          "optional": true
        }
      }
    },
    "node_modules/@vercel/oidc": {
      "version": "3.4.1",
      "resolved": "https://registry.npmjs.org/@vercel/oidc/-/oidc-3.4.1.tgz",
      "integrity": "sha512-H6B+/ig/GoahccL3WZjiHayHw1H5KhvTJNceqYulwfK9kkz5iul2hTmYzcJ7tTCQzyd0dutuL9xYFZCyLUqsog==",
      "license": "Apache-2.0",
      "engines": {
        "node": ">= 20"
      }
    }
  }
}
